// !$*UTF8*$!
{
	archiveVersion = 1;
	classes = {
	};
	objectVersion = 46;
	objects = {

/* Begin PBXBuildFile section */
		7DD5747B1E97BEC30015AE4C /* AppDelegate.swift in Sources */ = {isa = PBXBuildFile; fileRef = 7DD5747A1E97BEC30015AE4C /* AppDelegate.swift */; };
		7DD5747D1E97BEC30015AE4C /* ViewController.swift in Sources */ = {isa = PBXBuildFile; fileRef = 7DD5747C1E97BEC30015AE4C /* ViewController.swift */; };
		7DD574801E97BEC30015AE4C /* Main.storyboard in Resources */ = {isa = PBXBuildFile; fileRef = 7DD5747E1E97BEC30015AE4C /* Main.storyboard */; };
		7DD574821E97BEC30015AE4C /* Assets.xcassets in Resources */ = {isa = PBXBuildFile; fileRef = 7DD574811E97BEC30015AE4C /* Assets.xcassets */; };
		7DD574851E97BEC30015AE4C /* LaunchScreen.storyboard in Resources */ = {isa = PBXBuildFile; fileRef = 7DD574831E97BEC30015AE4C /* LaunchScreen.storyboard */; };
		7DD5748D1E97EDC30015AE4C /* Minecraft.ttf in Resources */ = {isa = PBXBuildFile; fileRef = 7DD5748C1E97EDC30015AE4C /* Minecraft.ttf */; };
		7DD5748F1E97EEB20015AE4C /* btn.wav in Resources */ = {isa = PBXBuildFile; fileRef = 7DD5748E1E97EEB20015AE4C /* btn.wav */; };
/* End PBXBuildFile section */

/* Begin PBXFileReference section */
		7DD574771E97BEC30015AE4C /* retroCalculator.app */ = {isa = PBXFileReference; explicitFileType = wrapper.application; includeInIndex = 0; path = retroCalculator.app; sourceTree = BUILT_PRODUCTS_DIR; };
		7DD5747A1E97BEC30015AE4C /* AppDelegate.swift */ = {isa = PBXFileReference; lastKnownFileType = sourcecode.swift; path = AppDelegate.swift; sourceTree = "<group>"; };
		7DD5747C1E97BEC30015AE4C /* ViewController.swift */ = {isa = PBXFileReference; lastKnownFileType = sourcecode.swift; path = ViewController.swift; sourceTree = "<group>"; };
		7DD5747F1E97BEC30015AE4C /* Base */ = {isa = PBXFileReference; lastKnownFileType = file.storyboard; name = Base; path = Base.lproj/Main.storyboard; sourceTree = "<group>"; };
		7DD574811E97BEC30015AE4C /* Assets.xcassets */ = {isa = PBXFileReference; lastKnownFileType = folder.assetcatalog; path = Assets.xcassets; sourceTree = "<group>"; };
		7DD574841E97BEC30015AE4C /* Base */ = {isa = PBXFileReference; lastKnownFileType = file.storyboard; name = Base; path = Base.lproj/LaunchScreen.storyboard; sourceTree = "<group>"; };
		7DD574861E97BEC30015AE4C /* Info.plist */ = {isa = PBXFileReference; lastKnownFileType = text.plist.xml; path = Info.plist; sourceTree = "<group>"; };
		7DD5748C1E97EDC30015AE4C /* Minecraft.ttf */ = {isa = PBXFileReference; lastKnownFileType = file; path = Minecraft.ttf; sourceTree = "<group>"; };
		7DD5748E1E97EEB20015AE4C /* btn.wav */ = {isa = PBXFileReference; lastKnownFileType = audio.wav; path = btn.wav; sourceTree = "<group>"; };
/* End PBXFileReference section */

/* Begin PBXFrameworksBuildPhase section */
		7DD574741E97BEC30015AE4C /* Frameworks */ = {
			isa = PBXFrameworksBuildPhase;
			buildActionMask = 2147483647;
			files = (
			);
			runOnlyForDeploymentPostprocessing = 0;
		};
/* End PBXFrameworksBuildPhase section */

/* Begin PBXGroup section */
		7DD5746E1E97BEC30015AE4C = {
			isa = PBXGroup;
			children = (
				7DD574791E97BEC30015AE4C /* retroCalculator */,
				7DD574781E97BEC30015AE4C /* Products */,
			);
			sourceTree = "<group>";
		};
		7DD574781E97BEC30015AE4C /* Products */ = {
			isa = PBXGroup;
			children = (
				7DD574771E97BEC30015AE4C /* retroCalculator.app */,
			);
			name = Products;
			sourceTree = "<group>";
		};
		7DD574791E97BEC30015AE4C /* retroCalculator */ = {
			isa = PBXGroup;
			children = (
				7DD5748E1E97EEB20015AE4C /* btn.wav */,
				7DD5748C1E97EDC30015AE4C /* Minecraft.ttf */,
				7DD5747A1E97BEC30015AE4C /* AppDelegate.swift */,
				7DD5747C1E97BEC30015AE4C /* ViewController.swift */,
				7DD5747E1E97BEC30015AE4C /* Main.storyboard */,
				7DD574811E97BEC30015AE4C /* Assets.xcassets */,
				7DD574831E97BEC30015AE4C /* LaunchScreen.storyboard */,
				7DD574861E97BEC30015AE4C /* Info.plist */,
			);
			path = retroCalculator;
			sourceTree = "<group>";
		};
/* End PBXGroup section */

/* Begin PBXNativeTarget section */
		7DD574761E97BEC30015AE4C /* retroCalculator */ = {
			isa = PBXNativeTarget;
			buildConfigurationList = 7DD574891E97BEC30015AE4C /* Build configuration list for PBXNativeTarget "retroCalculator" */;
			buildPhases = (
				7DD574731E97BEC30015AE4C /* Sources */,
				7DD574741E97BEC30015AE4C /* Frameworks */,
				7DD574751E97BEC30015AE4C /* Resources */,
			);
			buildRules = (
			);
			dependencies = (
			);
			name = retroCalculator;
			productName = retroCalculator;
			productReference = 7DD574771E97BEC30015AE4C /* retroCalculator.app */;
			productType = "com.apple.product-type.application";
		};
/* End PBXNativeTarget section */

/* Begin PBXProject section */
		7DD5746F1E97BEC30015AE4C /* Project object */ = {
			isa = PBXProject;
			attributes = {
				LastSwiftUpdateCheck = 0830;
				LastUpgradeCheck = 0830;
				ORGANIZATIONNAME = "Turcu Ciprian";
				TargetAttributes = {
					7DD574761E97BEC30015AE4C = {
						CreatedOnToolsVersion = 8.3.1;
						DevelopmentTeam = 8KBWGV6KLM;
						ProvisioningStyle = Automatic;
					};
				};
			};
			buildConfigurationList = 7DD574721E97BEC30015AE4C /* Build configuration list for PBXProject "retroCalculator" */;
			compatibilityVersion = "Xcode 3.2";
			developmentRegion = English;
			hasScannedForEncodings = 0;
			knownRegions = (
				en,
				Base,
			);
			mainGroup = 7DD5746E1E97BEC30015AE4C;
			productRefGroup = 7DD574781E97BEC30015AE4C /* Products */;
			projectDirPath = "";
			projectRoot = "";
			targets = (
				7DD574761E97BEC30015AE4C /* retroCalculator */,
			);
		};
/* End PBXProject section */

/* Begin PBXResourcesBuildPhase section */
		7DD574751E97BEC30015AE4C /* Resources */ = {
			isa = PBXResourcesBuildPhase;
			buildActionMask = 2147483647;
			files = (
				7DD5748F1E97EEB20015AE4C /* btn.wav in Resources */,
				7DD574851E97BEC30015AE4C /* LaunchScreen.storyboard in Resources */,
				7DD574821E97BEC30015AE4C /* Assets.xcassets in Resources */,
				7DD5748D1E97EDC30015AE4C /* Minecraft.ttf in Resources */,
				7DD574801E97BEC30015AE4C /* Main.storyboard in Resources */,
			);
			runOnlyForDeploymentPostprocessing = 0;
		};
/* End PBXResourcesBuildPhase section */

/* Begin PBXSourcesBuildPhase section */
		7DD574731E97BEC30015AE4C /* Sources */ = {
			isa = PBXSourcesBuildPhase;
			buildActionMask = 2147483647;
			files = (
				7DD5747D1E97BEC30015AE4C /* ViewController.swift in Sources */,
				7DD5747B1E97BEC30015AE4C /* AppDelegate.swift in Sources */,
			);
			runOnlyForDeploymentPostprocessing = 0;
		};
/* End PBXSourcesBuildPhase section */

/* Begin PBXVariantGroup section */
		7DD5747E1E97BEC30015AE4C /* Main.storyboard */ = {
			isa = PBXVariantGroup;
			children = (
				7DD5747F1E97BEC30015AE4C /* Base */,
			);
			name = Main.storyboard;
			sourceTree = "<group>";
		};
		7DD574831E97BEC30015AE4C /* LaunchScreen.storyboard */ = {
			isa = PBXVariantGroup;
			children = (
				7DD574841E97BEC30015AE4C /* Base */,
			);
			name = LaunchScreen.storyboard;
			sourceTree = "<group>";
		};
/* End PBXVariantGroup section */

/* Begin XCBuildConfiguration section */
		7DD574871E97BEC30015AE4C /* Debug */ = {
			isa = XCBuildConfiguration;
			buildSettings = {
				ALWAYS_SEARCH_USER_PATHS = NO;
				CLANG_ANALYZER_NONNULL = YES;
				CLANG_ANALYZER_NUMBER_OBJECT_CONVERSION = YES_AGGRESSIVE;
				CLANG_CXX_LANGUAGE_STANDARD = "gnu++0x";
				CLANG_CXX_LIBRARY = "libc++";
				CLANG_ENABLE_MODULES = YES;
				CLANG_ENABLE_OBJC_ARC = YES;
				CLANG_WARN_BOOL_CONVERSION = YES;
				CLANG_WARN_CONSTANT_CONVERSION = YES;
				CLANG_WARN_DIRECT_OBJC_ISA_USAGE = YES_ERROR;
				CLANG_WARN_DOCUMENTATION_COMMENTS = YES;
				CLANG_WARN_EMPTY_BODY = YES;
				CLANG_WARN_ENUM_CONVERSION = YES;
				CLANG_WARN_INFINITE_RECURSION = YES;
				CLANG_WARN_INT_CONVERSION = YES;
				CLANG_WARN_OBJC_ROOT_CLASS = YES_ERROR;
				CLANG_WARN_SUSPICIOUS_MOVE = YES;
				CLANG_WARN_UNREACHABLE_CODE = YES;
				CLANG_WARN__DUPLICATE_METHOD_MATCH = YES;
				"CODE_SIGN_IDENTITY[sdk=iphoneos*]" = "iPhone Developer";
				COPY_PHASE_STRIP = NO;
				DEBUG_INFORMATION_FORMAT = dwarf;
				ENABLE_STRICT_OBJC_MSGSEND = YES;
				ENABLE_TESTABILITY = YES;
				GCC_C_LANGUAGE_STANDARD = gnu99;
				GCC_DYNAMIC_NO_PIC = NO;
				GCC_NO_COMMON_BLOCKS = YES;
				GCC_OPTIMIZATION_LEVEL = 0;
				GCC_PREPROCESSOR_DEFINITIONS = (
					"DEBUG=1",
					"$(inherited)",
				);
				GCC_WARN_64_TO_32_BIT_CONVERSION = YES;
				GCC_WARN_ABOUT_RETURN_TYPE = YES_ERROR;
				GCC_WARN_UNDECLARED_SELECTOR = YES;
				GCC_WARN_UNINITIALIZED_AUTOS = YES_AGGRESSIVE;
				GCC_WARN_UNUSED_FUNCTION = YES;
				GCC_WARN_UNUSED_VARIABLE = YES;
				IPHONEOS_DEPLOYMENT_TARGET = 10.3;
				MTL_ENABLE_DEBUG_INFO = YES;
				ONLY_ACTIVE_ARCH = YES;
				SDKROOT = iphoneos;
				SWIFT_ACTIVE_COMPILATION_CONDITIONS = DEBUG;
				SWIFT_OPTIMIZATION_LEVEL = "-Onone";
				TARGETED_DEVICE_FAMILY = "1,2";
			};
			name = Debug;
		};
		7DD574881E97BEC30015AE4C /* Release */ = {
			isa = XCBuildConfiguration;
			buildSettings = {
				ALWAYS_SEARCH_USER_PATHS = NO;
				CLANG_ANALYZER_NONNULL = YES;
				CLANG_ANALYZER_NUMBER_OBJECT_CONVERSION = YES_AGGRESSIVE;
				CLANG_CXX_LANGUAGE_STANDARD = "gnu++0x";
				CLANG_CXX_LIBRARY = "libc++";
				CLANG_ENABLE_MODULES = YES;
				CLANG_ENABLE_OBJC_ARC = YES;
				CLANG_WARN_BOOL_CONVERSION = YES;
				CLANG_WARN_CONSTANT_CONVERSION = YES;
				CLANG_WARN_DIRECT_OBJC_ISA_USAGE = YES_ERROR;
				CLANG_WARN_DOCUMENTATION_COMMENTS = YES;
				CLANG_WARN_EMPTY_BODY = YES;
				CLANG_WARN_ENUM_CONVERSION = YES;
				CLANG_WARN_INFINITE_RECURSION = YES;
				CLANG_WARN_INT_CONVERSION = YES;
				CLANG_WARN_OBJC_ROOT_CLASS = YES_ERROR;
				CLANG_WARN_SUSPICIOUS_MOVE = YES;
				CLANG_WARN_UNREACHABLE_CODE = YES;
				CLANG_WARN__DUPLICATE_METHOD_MATCH = YES;
				"CODE_SIGN_IDENTITY[sdk=iphoneos*]" = "iPhone Developer";
				COPY_PHASE_STRIP = NO;
				DEBUG_INFORMATION_FORMAT = "dwarf-with-dsym";
				ENABLE_NS_ASSERTIONS = NO;
				ENABLE_STRICT_OBJC_MSGSEND = YES;
				GCC_C_LANGUAGE_STANDARD = gnu99;
				GCC_NO_COMMON_BLOCKS = YES;
				GCC_WARN_64_TO_32_BIT_CONVERSION = YES;
				GCC_WARN_ABOUT_RETURN_TYPE = YES_ERROR;
				GCC_WARN_UNDECLARED_SELECTOR = YES;
				GCC_WARN_UNINITIALIZED_AUTOS = YES_AGGRESSIVE;
				GCC_WARN_UNUSED_FUNCTION = YES;
				GCC_WARN_UNUSED_VARIABLE = YES;
				IPHONEOS_DEPLOYMENT_TARGET = 10.3;
				MTL_ENABLE_DEBUG_INFO = NO;
				SDKROOT = iphoneos;
				SWIFT_OPTIMIZATION_LEVEL = "-Owholemodule";
				TARGETED_DEVICE_FAMILY = "1,2";
				VALIDATE_PRODUCT = YES;
			};
			name = Release;
		};
		7DD5748A1E97BEC30015AE4C /* Debug */ = {
			isa = XCBuildConfiguration;
			buildSettings = {
				ASSETCATALOG_COMPILER_APPICON_NAME = AppIcon;
				DEVELOPMENT_TEAM = 8KBWGV6KLM;
				INFOPLIST_FILE = retroCalculator/Info.plist;
				LD_RUNPATH_SEARCH_PATHS = "$(inherited) @executable_path/Frameworks";
				PRODUCT_BUNDLE_IDENTIFIER = com.teamtreehouse.retroCalculator2;
				PRODUCT_NAME = "$(TARGET_NAME)";
				SWIFT_VERSION = 3.0;
			};
			name = Debug;
		};
		7DD5748B1E97BEC30015AE4C /* Release */ = {
			isa = XCBuildConfiguration;
			buildSettings = {
				ASSETCATALOG_COMPILER_APPICON_NAME = AppIcon;
				DEVELOPMENT_TEAM = 8KBWGV6KLM;
				INFOPLIST_FILE = retroCalculator/Info.plist;
				LD_RUNPATH_SEARCH_PATHS = "$(inherited) @executable_path/Frameworks";
				PRODUCT_BUNDLE_IDENTIFIER = com.teamtreehouse.retroCalculator2;
				PRODUCT_NAME = "$(TARGET_NAME)";
				SWIFT_VERSION = 3.0;
			};
			name = Release;
		};
/* End XCBuildConfiguration section */

/* Begin XCConfigurationList section */
		7DD574721E97BEC30015AE4C /* Build configuration list for PBXProject "retroCalculator" */ = {
			isa = XCConfigurationList;
			buildConfigurations = (
				7DD574871E97BEC30015AE4C /* Debug */,
				7DD574881E97BEC30015AE4C /* Release */,
			);
			defaultConfigurationIsVisible = 0;
			defaultConfigurationName = Release;
		};
		7DD574891E97BEC30015AE4C /* Build configuration list for PBXNativeTarget "retroCalculator" */ = {
			isa = XCConfigurationList;
			buildConfigurations = (
				7DD5748A1E97BEC30015AE4C /* Debug */,
				7DD5748B1E97BEC30015AE4C /* Release */,
			);
			defaultConfigurationIsVisible = 0;
			defaultConfigurationName = Release;
		};
/* End XCConfigurationList section */
	};
	rootObject = 7DD5746F1E97BEC30015AE4C /* Project object */;
}
